
Microsoft Visual Studio Solution File, Format Version 12.00
Project("{FAE04EC0-301F-11D3-BF4B-00C04F79EFBC}") = "FirstHomework", "FirstHomework\FirstHomework.csproj", "{6FC78B43-D6F5-4446-83A1-14B524EBF201}"
EndProject
Global
	GlobalSection(SolutionConfigurationPlatforms) = preSolution
		Debug|Any CPU = Debug|Any CPU
		Release|Any CPU = Release|Any CPU
	EndGlobalSection
	GlobalSection(ProjectConfigurationPlatforms) = postSolution
		{6FC78B43-D6F5-4446-83A1-14B524EBF201}.Debug|Any CPU.ActiveCfg = Debug|Any CPU
		{6FC78B43-D6F5-4446-83A1-14B524EBF201}.Debug|Any CPU.Build.0 = Debug|Any CPU
		{6FC78B43-D6F5-4446-83A1-14B524EBF201}.Release|Any CPU.ActiveCfg = Release|Any CPU
		{6FC78B43-D6F5-4446-83A1-14B524EBF201}.Release|Any CPU.Build.0 = Release|Any CPU
	EndGlobalSection
EndGlobal
